
Microsoft Visual Studio Solution File, Format Version 12.00
# Visual Studio Version 17
VisualStudioVersion = 17.0.32014.148
MinimumVisualStudioVersion = 10.0.40219.1
Project("{FAE04EC0-301F-11D3-BF4B-00C04F79EFBC}") = "Api", "Api\Api.csproj", "{C1B9782D-09EF-47F7-A3B7-97BF85A8E3AD}"
EndProject
Global
	GlobalSection(SolutionConfigurationPlatforms) = preSolution
		Debug|Any CPU = Debug|Any CPU
		Release|Any CPU = Release|Any CPU
	EndGlobalSection
	GlobalSection(ProjectConfigurationPlatforms) = postSolution
		{C1B9782D-09EF-47F7-A3B7-97BF85A8E3AD}.Debug|Any CPU.ActiveCfg = Debug|Any CPU
		{C1B9782D-09EF-47F7-A3B7-97BF85A8E3AD}.Debug|Any CPU.Build.0 = Debug|Any CPU
		{C1B9782D-09EF-47F7-A3B7-97BF85A8E3AD}.Release|Any CPU.ActiveCfg = Release|Any CPU
		{C1B9782D-09EF-47F7-A3B7-97BF85A8E3AD}.Release|Any CPU.Build.0 = Release|Any CPU
	EndGlobalSection
	GlobalSection(SolutionProperties) = preSolution
		HideSolutionNode = FALSE
	EndGlobalSection
	GlobalSection(ExtensibilityGlobals) = postSolution
		SolutionGuid = {984EAFE7-A272-4D10-929E-B0E09CE06C8A}
	EndGlobalSection
EndGlobal
